
Microsoft Visual Studio Solution File, Format Version 12.00
# Visual Studio Version 16
VisualStudioVersion = 16.0.33214.272
MinimumVisualStudioVersion = 10.0.40219.1
Project("{FAE04EC0-301F-11D3-BF4B-00C04F79EFBC}") = "PySharpShop", "PySharpShop\PySharpShop.csproj", "{86DF92ED-BEB2-4903-94F2-9D42B7BFAA26}"
EndProject
Project("{FAE04EC0-301F-11D3-BF4B-00C04F79EFBC}") = "PySharpShopApplication", "PySharpShopApplication\PySharpShopApplication.csproj", "{44E3C57C-03B6-4450-8746-98CFE7DC63F8}"
EndProject
Project("{FAE04EC0-301F-11D3-BF4B-00C04F79EFBC}") = "PySharpShopInfrastructure", "PySharpShopInfrastructure\PySharpShopInfrastructure.csproj", "{93AECBBE-6296-45B0-B76A-AF966D764383}"
EndProject
Global
	GlobalSection(SolutionConfigurationPlatforms) = preSolution
		Debug|Any CPU = Debug|Any CPU
		Release|Any CPU = Release|Any CPU
	EndGlobalSection
	GlobalSection(ProjectConfigurationPlatforms) = postSolution
		{86DF92ED-BEB2-4903-94F2-9D42B7BFAA26}.Debug|Any CPU.ActiveCfg = Debug|Any CPU
		{86DF92ED-BEB2-4903-94F2-9D42B7BFAA26}.Debug|Any CPU.Build.0 = Debug|Any CPU
		{86DF92ED-BEB2-4903-94F2-9D42B7BFAA26}.Release|Any CPU.ActiveCfg = Release|Any CPU
		{86DF92ED-BEB2-4903-94F2-9D42B7BFAA26}.Release|Any CPU.Build.0 = Release|Any CPU
		{44E3C57C-03B6-4450-8746-98CFE7DC63F8}.Debug|Any CPU.ActiveCfg = Debug|Any CPU
		{44E3C57C-03B6-4450-8746-98CFE7DC63F8}.Debug|Any CPU.Build.0 = Debug|Any CPU
		{44E3C57C-03B6-4450-8746-98CFE7DC63F8}.Release|Any CPU.ActiveCfg = Release|Any CPU
		{44E3C57C-03B6-4450-8746-98CFE7DC63F8}.Release|Any CPU.Build.0 = Release|Any CPU
		{93AECBBE-6296-45B0-B76A-AF966D764383}.Debug|Any CPU.ActiveCfg = Debug|Any CPU
		{93AECBBE-6296-45B0-B76A-AF966D764383}.Debug|Any CPU.Build.0 = Debug|Any CPU
		{93AECBBE-6296-45B0-B76A-AF966D764383}.Release|Any CPU.ActiveCfg = Release|Any CPU
		{93AECBBE-6296-45B0-B76A-AF966D764383}.Release|Any CPU.Build.0 = Release|Any CPU
	EndGlobalSection
	GlobalSection(SolutionProperties) = preSolution
		HideSolutionNode = FALSE
	EndGlobalSection
	GlobalSection(ExtensibilityGlobals) = postSolution
		SolutionGuid = {2A54F35A-DCBD-4FB9-BC84-A67B54A1E896}
	EndGlobalSection
EndGlobal
